
Microsoft Visual Studio Solution File, Format Version 12.00
# Visual Studio 15
VisualStudioVersion = 15.0.27130.2026
MinimumVisualStudioVersion = 10.0.40219.1
Project("{9A19103F-16F7-4668-BE54-9A1E7A4F7556}") = "BBallMod", "BBallMod.csproj", "{98730783-374E-48D0-9C6F-7A8CB444628E}"
EndProject
Global
	GlobalSection(SolutionConfigurationPlatforms) = preSolution
		Debug|Any CPU = Debug|Any CPU
		Release|Any CPU = Release|Any CPU
	EndGlobalSection
	GlobalSection(ProjectConfigurationPlatforms) = postSolution
		{98730783-374E-48D0-9C6F-7A8CB444628E}.Debug|Any CPU.ActiveCfg = Debug|Any CPU
		{98730783-374E-48D0-9C6F-7A8CB444628E}.Debug|Any CPU.Build.0 = Debug|Any CPU
		{98730783-374E-48D0-9C6F-7A8CB444628E}.Release|Any CPU.ActiveCfg = Release|Any CPU
		{98730783-374E-48D0-9C6F-7A8CB444628E}.Release|Any CPU.Build.0 = Release|Any CPU
	EndGlobalSection
	GlobalSection(SolutionProperties) = preSolution
		HideSolutionNode = FALSE
	EndGlobalSection
	GlobalSection(ExtensibilityGlobals) = postSolution
		SolutionGuid = {F4E7ED80-2DF0-4005-B256-5C5379D5A493}
	EndGlobalSection
EndGlobal
